// !$*UTF8*$!
{
	archiveVersion = 1;
	classes = {
	};
	objectVersion = 46;
	objects = {

/* Begin PBXBuildFile section */
		DD4EEF201D42E1BC003256D5 /* main.m in Sources */ = {isa = PBXBuildFile; fileRef = DD4EEF1F1D42E1BC003256D5 /* main.m */; };
		DD4EEF231D42E1BC003256D5 /* AppDelegate.m in Sources */ = {isa = PBXBuildFile; fileRef = DD4EEF221D42E1BC003256D5 /* AppDelegate.m */; };
		DD4EEF261D42E1BC003256D5 /* ViewController.m in Sources */ = {isa = PBXBuildFile; fileRef = DD4EEF251D42E1BC003256D5 /* ViewController.m */; };
		DD4EEF291D42E1BC003256D5 /* Main.storyboard in Resources */ = {isa = PBXBuildFile; fileRef = DD4EEF271D42E1BC003256D5 /* Main.storyboard */; };
		DD4EEF2B1D42E1BC003256D5 /* Assets.xcassets in Resources */ = {isa = PBXBuildFile; fileRef = DD4EEF2A1D42E1BC003256D5 /* Assets.xcassets */; };
		DD4EEF2E1D42E1BC003256D5 /* LaunchScreen.storyboard in Resources */ = {isa = PBXBuildFile; fileRef = DD4EEF2C1D42E1BC003256D5 /* LaunchScreen.storyboard */; };
		DD4EEF391D42E1BC003256D5 /* XYZTextFieldTests.m in Sources */ = {isa = PBXBuildFile; fileRef = DD4EEF381D42E1BC003256D5 /* XYZTextFieldTests.m */; };
		DD4EEF441D42E1BC003256D5 /* XYZTextFieldUITests.m in Sources */ = {isa = PBXBuildFile; fileRef = DD4EEF431D42E1BC003256D5 /* XYZTextFieldUITests.m */; };
		DD4EEF561D44A421003256D5 /* XHFormatTextFiled.m in Sources */ = {isa = PBXBuildFile; fileRef = DD4EEF551D44A421003256D5 /* XHFormatTextFiled.m */; };
/* End PBXBuildFile section */

/* Begin PBXContainerItemProxy section */
		DD4EEF351D42E1BC003256D5 /* PBXContainerItemProxy */ = {
			isa = PBXContainerItemProxy;
			containerPortal = DD4EEF131D42E1BC003256D5 /* Project object */;
			proxyType = 1;
			remoteGlobalIDString = DD4EEF1A1D42E1BC003256D5;
			remoteInfo = XYZTextField;
		};
		DD4EEF401D42E1BC003256D5 /* PBXContainerItemProxy */ = {
			isa = PBXContainerItemProxy;
			containerPortal = DD4EEF131D42E1BC003256D5 /* Project object */;
			proxyType = 1;
			remoteGlobalIDString = DD4EEF1A1D42E1BC003256D5;
			remoteInfo = XYZTextField;
		};
/* End PBXContainerItemProxy section */

/* Begin PBXFileReference section */
		DD4EEF1B1D42E1BC003256D5 /* XYZTextField.app */ = {isa = PBXFileReference; explicitFileType = wrapper.application; includeInIndex = 0; path = XYZTextField.app; sourceTree = BUILT_PRODUCTS_DIR; };
		DD4EEF1F1D42E1BC003256D5 /* main.m */ = {isa = PBXFileReference; lastKnownFileType = sourcecode.c.objc; path = main.m; sourceTree = "<group>"; };
		DD4EEF211D42E1BC003256D5 /* AppDelegate.h */ = {isa = PBXFileReference; lastKnownFileType = sourcecode.c.h; path = AppDelegate.h; sourceTree = "<group>"; };
		DD4EEF221D42E1BC003256D5 /* AppDelegate.m */ = {isa = PBXFileReference; lastKnownFileType = sourcecode.c.objc; path = AppDelegate.m; sourceTree = "<group>"; };
		DD4EEF241D42E1BC003256D5 /* ViewController.h */ = {isa = PBXFileReference; lastKnownFileType = sourcecode.c.h; path = ViewController.h; sourceTree = "<group>"; };
		DD4EEF251D42E1BC003256D5 /* ViewController.m */ = {isa = PBXFileReference; lastKnownFileType = sourcecode.c.objc; path = ViewController.m; sourceTree = "<group>"; };
		DD4EEF281D42E1BC003256D5 /* Base */ = {isa = PBXFileReference; lastKnownFileType = file.storyboard; name = Base; path = Base.lproj/Main.storyboard; sourceTree = "<group>"; };
		DD4EEF2A1D42E1BC003256D5 /* Assets.xcassets */ = {isa = PBXFileReference; lastKnownFileType = folder.assetcatalog; path = Assets.xcassets; sourceTree = "<group>"; };
		DD4EEF2D1D42E1BC003256D5 /* Base */ = {isa = PBXFileReference; lastKnownFileType = file.storyboard; name = Base; path = Base.lproj/LaunchScreen.storyboard; sourceTree = "<group>"; };
		DD4EEF2F1D42E1BC003256D5 /* Info.plist */ = {isa = PBXFileReference; lastKnownFileType = text.plist.xml; path = Info.plist; sourceTree = "<group>"; };
		DD4EEF341D42E1BC003256D5 /* XYZTextFieldTests.xctest */ = {isa = PBXFileReference; explicitFileType = wrapper.cfbundle; includeInIndex = 0; path = XYZTextFieldTests.xctest; sourceTree = BUILT_PRODUCTS_DIR; };
		DD4EEF381D42E1BC003256D5 /* XYZTextFieldTests.m */ = {isa = PBXFileReference; lastKnownFileType = sourcecode.c.objc; path = XYZTextFieldTests.m; sourceTree = "<group>"; };
		DD4EEF3A1D42E1BC003256D5 /* Info.plist */ = {isa = PBXFileReference; lastKnownFileType = text.plist.xml; path = Info.plist; sourceTree = "<group>"; };
		DD4EEF3F1D42E1BC003256D5 /* XYZTextFieldUITests.xctest */ = {isa = PBXFileReference; explicitFileType = wrapper.cfbundle; includeInIndex = 0; path = XYZTextFieldUITests.xctest; sourceTree = BUILT_PRODUCTS_DIR; };
		DD4EEF431D42E1BC003256D5 /* XYZTextFieldUITests.m */ = {isa = PBXFileReference; lastKnownFileType = sourcecode.c.objc; path = XYZTextFieldUITests.m; sourceTree = "<group>"; };
		DD4EEF451D42E1BC003256D5 /* Info.plist */ = {isa = PBXFileReference; lastKnownFileType = text.plist.xml; path = Info.plist; sourceTree = "<group>"; };
		DD4EEF541D44A421003256D5 /* XHFormatTextFiled.h */ = {isa = PBXFileReference; fileEncoding = 4; lastKnownFileType = sourcecode.c.h; path = XHFormatTextFiled.h; sourceTree = "<group>"; };
		DD4EEF551D44A421003256D5 /* XHFormatTextFiled.m */ = {isa = PBXFileReference; fileEncoding = 4; lastKnownFileType = sourcecode.c.objc; path = XHFormatTextFiled.m; sourceTree = "<group>"; };
/* End PBXFileReference section */

/* Begin PBXFrameworksBuildPhase section */
		DD4EEF181D42E1BC003256D5 /* Frameworks */ = {
			isa = PBXFrameworksBuildPhase;
			buildActionMask = 2147483647;
			files = (
			);
			runOnlyForDeploymentPostprocessing = 0;
		};
		DD4EEF311D42E1BC003256D5 /* Frameworks */ = {
			isa = PBXFrameworksBuildPhase;
			buildActionMask = 2147483647;
			files = (
			);
			runOnlyForDeploymentPostprocessing = 0;
		};
		DD4EEF3C1D42E1BC003256D5 /* Frameworks */ = {
			isa = PBXFrameworksBuildPhase;
			buildActionMask = 2147483647;
			files = (
			);
			runOnlyForDeploymentPostprocessing = 0;
		};
/* End PBXFrameworksBuildPhase section */

/* Begin PBXGroup section */
		DD4EEF121D42E1BC003256D5 = {
			isa = PBXGroup;
			children = (
				DD4EEF1D1D42E1BC003256D5 /* XYZTextField */,
				DD4EEF371D42E1BC003256D5 /* XYZTextFieldTests */,
				DD4EEF421D42E1BC003256D5 /* XYZTextFieldUITests */,
				DD4EEF1C1D42E1BC003256D5 /* Products */,
			);
			sourceTree = "<group>";
		};
		DD4EEF1C1D42E1BC003256D5 /* Products */ = {
			isa = PBXGroup;
			children = (
				DD4EEF1B1D42E1BC003256D5 /* XYZTextField.app */,
				DD4EEF341D42E1BC003256D5 /* XYZTextFieldTests.xctest */,
				DD4EEF3F1D42E1BC003256D5 /* XYZTextFieldUITests.xctest */,
			);
			name = Products;
			sourceTree = "<group>";
		};
		DD4EEF1D1D42E1BC003256D5 /* XYZTextField */ = {
			isa = PBXGroup;
			children = (
				DD4EEF541D44A421003256D5 /* XHFormatTextFiled.h */,
				DD4EEF551D44A421003256D5 /* XHFormatTextFiled.m */,
				DD4EEF211D42E1BC003256D5 /* AppDelegate.h */,
				DD4EEF221D42E1BC003256D5 /* AppDelegate.m */,
				DD4EEF241D42E1BC003256D5 /* ViewController.h */,
				DD4EEF251D42E1BC003256D5 /* ViewController.m */,
				DD4EEF271D42E1BC003256D5 /* Main.storyboard */,
				DD4EEF2A1D42E1BC003256D5 /* Assets.xcassets */,
				DD4EEF2C1D42E1BC003256D5 /* LaunchScreen.storyboard */,
				DD4EEF2F1D42E1BC003256D5 /* Info.plist */,
				DD4EEF1E1D42E1BC003256D5 /* Supporting Files */,
			);
			path = XYZTextField;
			sourceTree = "<group>";
		};
		DD4EEF1E1D42E1BC003256D5 /* Supporting Files */ = {
			isa = PBXGroup;
			children = (
				DD4EEF1F1D42E1BC003256D5 /* main.m */,
			);
			name = "Supporting Files";
			sourceTree = "<group>";
		};
		DD4EEF371D42E1BC003256D5 /* XYZTextFieldTests */ = {
			isa = PBXGroup;
			children = (
				DD4EEF381D42E1BC003256D5 /* XYZTextFieldTests.m */,
				DD4EEF3A1D42E1BC003256D5 /* Info.plist */,
			);
			path = XYZTextFieldTests;
			sourceTree = "<group>";
		};
		DD4EEF421D42E1BC003256D5 /* XYZTextFieldUITests */ = {
			isa = PBXGroup;
			children = (
				DD4EEF431D42E1BC003256D5 /* XYZTextFieldUITests.m */,
				DD4EEF451D42E1BC003256D5 /* Info.plist */,
			);
			path = XYZTextFieldUITests;
			sourceTree = "<group>";
		};
/* End PBXGroup section */

/* Begin PBXNativeTarget section */
		DD4EEF1A1D42E1BC003256D5 /* XYZTextField */ = {
			isa = PBXNativeTarget;
			buildConfigurationList = DD4EEF481D42E1BD003256D5 /* Build configuration list for PBXNativeTarget "XYZTextField" */;
			buildPhases = (
				DD4EEF171D42E1BC003256D5 /* Sources */,
				DD4EEF181D42E1BC003256D5 /* Frameworks */,
				DD4EEF191D42E1BC003256D5 /* Resources */,
			);
			buildRules = (
			);
			dependencies = (
			);
			name = XYZTextField;
			productName = XYZTextField;
			productReference = DD4EEF1B1D42E1BC003256D5 /* XYZTextField.app */;
			productType = "com.apple.product-type.application";
		};
		DD4EEF331D42E1BC003256D5 /* XYZTextFieldTests */ = {
			isa = PBXNativeTarget;
			buildConfigurationList = DD4EEF4B1D42E1BD003256D5 /* Build configuration list for PBXNativeTarget "XYZTextFieldTests" */;
			buildPhases = (
				DD4EEF301D42E1BC003256D5 /* Sources */,
				DD4EEF311D42E1BC003256D5 /* Frameworks */,
				DD4EEF321D42E1BC003256D5 /* Resources */,
			);
			buildRules = (
			);
			dependencies = (
				DD4EEF361D42E1BC003256D5 /* PBXTargetDependency */,
			);
			name = XYZTextFieldTests;
			productName = XYZTextFieldTests;
			productReference = DD4EEF341D42E1BC003256D5 /* XYZTextFieldTests.xctest */;
			productType = "com.apple.product-type.bundle.unit-test";
		};
		DD4EEF3E1D42E1BC003256D5 /* XYZTextFieldUITests */ = {
			isa = PBXNativeTarget;
			buildConfigurationList = DD4EEF4E1D42E1BD003256D5 /* Build configuration list for PBXNativeTarget "XYZTextFieldUITests" */;
			buildPhases = (
				DD4EEF3B1D42E1BC003256D5 /* Sources */,
				DD4EEF3C1D42E1BC003256D5 /* Frameworks */,
				DD4EEF3D1D42E1BC003256D5 /* Resources */,
			);
			buildRules = (
			);
			dependencies = (
				DD4EEF411D42E1BC003256D5 /* PBXTargetDependency */,
			);
			name = XYZTextFieldUITests;
			productName = XYZTextFieldUITests;
			productReference = DD4EEF3F1D42E1BC003256D5 /* XYZTextFieldUITests.xctest */;
			productType = "com.apple.product-type.bundle.ui-testing";
		};
/* End PBXNativeTarget section */

/* Begin PBXProject section */
		DD4EEF131D42E1BC003256D5 /* Project object */ = {
			isa = PBXProject;
			attributes = {
				LastUpgradeCheck = 0730;
				ORGANIZATIONNAME = xieyingze;
				TargetAttributes = {
					DD4EEF1A1D42E1BC003256D5 = {
						CreatedOnToolsVersion = 7.3;
						DevelopmentTeam = R98HL8855H;
					};
					DD4EEF331D42E1BC003256D5 = {
						CreatedOnToolsVersion = 7.3;
						DevelopmentTeam = R98HL8855H;
						TestTargetID = DD4EEF1A1D42E1BC003256D5;
					};
					DD4EEF3E1D42E1BC003256D5 = {
						CreatedOnToolsVersion = 7.3;
						DevelopmentTeam = R98HL8855H;
						TestTargetID = DD4EEF1A1D42E1BC003256D5;
					};
				};
			};
			buildConfigurationList = DD4EEF161D42E1BC003256D5 /* Build configuration list for PBXProject "XYZTextField" */;
			compatibilityVersion = "Xcode 3.2";
			developmentRegion = English;
			hasScannedForEncodings = 0;
			knownRegions = (
				en,
				Base,
			);
			mainGroup = DD4EEF121D42E1BC003256D5;
			productRefGroup = DD4EEF1C1D42E1BC003256D5 /* Products */;
			projectDirPath = "";
			projectRoot = "";
			targets = (
				DD4EEF1A1D42E1BC003256D5 /* XYZTextField */,
				DD4EEF331D42E1BC003256D5 /* XYZTextFieldTests */,
				DD4EEF3E1D42E1BC003256D5 /* XYZTextFieldUITests */,
			);
		};
/* End PBXProject section */

/* Begin PBXResourcesBuildPhase section */
		DD4EEF191D42E1BC003256D5 /* Resources */ = {
			isa = PBXResourcesBuildPhase;
			buildActionMask = 2147483647;
			files = (
				DD4EEF2E1D42E1BC003256D5 /* LaunchScreen.storyboard in Resources */,
				DD4EEF2B1D42E1BC003256D5 /* Assets.xcassets in Resources */,
				DD4EEF291D42E1BC003256D5 /* Main.storyboard in Resources */,
			);
			runOnlyForDeploymentPostprocessing = 0;
		};
		DD4EEF321D42E1BC003256D5 /* Resources */ = {
			isa = PBXResourcesBuildPhase;
			buildActionMask = 2147483647;
			files = (
			);
			runOnlyForDeploymentPostprocessing = 0;
		};
		DD4EEF3D1D42E1BC003256D5 /* Resources */ = {
			isa = PBXResourcesBuildPhase;
			buildActionMask = 2147483647;
			files = (
			);
			runOnlyForDeploymentPostprocessing = 0;
		};
/* End PBXResourcesBuildPhase section */

/* Begin PBXSourcesBuildPhase section */
		DD4EEF171D42E1BC003256D5 /* Sources */ = {
			isa = PBXSourcesBuildPhase;
			buildActionMask = 2147483647;
			files = (
				DD4EEF561D44A421003256D5 /* XHFormatTextFiled.m in Sources */,
				DD4EEF261D42E1BC003256D5 /* ViewController.m in Sources */,
				DD4EEF231D42E1BC003256D5 /* AppDelegate.m in Sources */,
				DD4EEF201D42E1BC003256D5 /* main.m in Sources */,
			);
			runOnlyForDeploymentPostprocessing = 0;
		};
		DD4EEF301D42E1BC003256D5 /* Sources */ = {
			isa = PBXSourcesBuildPhase;
			buildActionMask = 2147483647;
			files = (
				DD4EEF391D42E1BC003256D5 /* XYZTextFieldTests.m in Sources */,
			);
			runOnlyForDeploymentPostprocessing = 0;
		};
		DD4EEF3B1D42E1BC003256D5 /* Sources */ = {
			isa = PBXSourcesBuildPhase;
			buildActionMask = 2147483647;
			files = (
				DD4EEF441D42E1BC003256D5 /* XYZTextFieldUITests.m in Sources */,
			);
			runOnlyForDeploymentPostprocessing = 0;
		};
/* End PBXSourcesBuildPhase section */

/* Begin PBXTargetDependency section */
		DD4EEF361D42E1BC003256D5 /* PBXTargetDependency */ = {
			isa = PBXTargetDependency;
			target = DD4EEF1A1D42E1BC003256D5 /* XYZTextField */;
			targetProxy = DD4EEF351D42E1BC003256D5 /* PBXContainerItemProxy */;
		};
		DD4EEF411D42E1BC003256D5 /* PBXTargetDependency */ = {
			isa = PBXTargetDependency;
			target = DD4EEF1A1D42E1BC003256D5 /* XYZTextField */;
			targetProxy = DD4EEF401D42E1BC003256D5 /* PBXContainerItemProxy */;
		};
/* End PBXTargetDependency section */

/* Begin PBXVariantGroup section */
		DD4EEF271D42E1BC003256D5 /* Main.storyboard */ = {
			isa = PBXVariantGroup;
			children = (
				DD4EEF281D42E1BC003256D5 /* Base */,
			);
			name = Main.storyboard;
			sourceTree = "<group>";
		};
		DD4EEF2C1D42E1BC003256D5 /* LaunchScreen.storyboard */ = {
			isa = PBXVariantGroup;
			children = (
				DD4EEF2D1D42E1BC003256D5 /* Base */,
			);
			name = LaunchScreen.storyboard;
			sourceTree = "<group>";
		};
/* End PBXVariantGroup section */

/* Begin XCBuildConfiguration section */
		DD4EEF461D42E1BD003256D5 /* Debug */ = {
			isa = XCBuildConfiguration;
			buildSettings = {
				ALWAYS_SEARCH_USER_PATHS = NO;
				CLANG_ANALYZER_NONNULL = YES;
				CLANG_CXX_LANGUAGE_STANDARD = "gnu++0x";
				CLANG_CXX_LIBRARY = "libc++";
				CLANG_ENABLE_MODULES = YES;
				CLANG_ENABLE_OBJC_ARC = YES;
				CLANG_WARN_BOOL_CONVERSION = YES;
				CLANG_WARN_CONSTANT_CONVERSION = YES;
				CLANG_WARN_DIRECT_OBJC_ISA_USAGE = YES_ERROR;
				CLANG_WARN_EMPTY_BODY = YES;
				CLANG_WARN_ENUM_CONVERSION = YES;
				CLANG_WARN_INT_CONVERSION = YES;
				CLANG_WARN_OBJC_ROOT_CLASS = YES_ERROR;
				CLANG_WARN_UNREACHABLE_CODE = YES;
				CLANG_WARN__DUPLICATE_METHOD_MATCH = YES;
				"CODE_SIGN_IDENTITY[sdk=iphoneos*]" = "iPhone Developer";
				COPY_PHASE_STRIP = NO;
				DEBUG_INFORMATION_FORMAT = dwarf;
				ENABLE_STRICT_OBJC_MSGSEND = YES;
				ENABLE_TESTABILITY = YES;
				GCC_C_LANGUAGE_STANDARD = gnu99;
				GCC_DYNAMIC_NO_PIC = NO;
				GCC_NO_COMMON_BLOCKS = YES;
				GCC_OPTIMIZATION_LEVEL = 0;
				GCC_PREPROCESSOR_DEFINITIONS = (
					"DEBUG=1",
					"$(inherited)",
				);
				GCC_WARN_64_TO_32_BIT_CONVERSION = YES;
				GCC_WARN_ABOUT_RETURN_TYPE = YES_ERROR;
				GCC_WARN_UNDECLARED_SELECTOR = YES;
				GCC_WARN_UNINITIALIZED_AUTOS = YES_AGGRESSIVE;
				GCC_WARN_UNUSED_FUNCTION = YES;
				GCC_WARN_UNUSED_VARIABLE = YES;
				IPHONEOS_DEPLOYMENT_TARGET = 9.3;
				MTL_ENABLE_DEBUG_INFO = YES;
				ONLY_ACTIVE_ARCH = YES;
				SDKROOT = iphoneos;
			};
			name = Debug;
		};
		DD4EEF471D42E1BD003256D5 /* Release */ = {
			isa = XCBuildConfiguration;
			buildSettings = {
				ALWAYS_SEARCH_USER_PATHS = NO;
				CLANG_ANALYZER_NONNULL = YES;
				CLANG_CXX_LANGUAGE_STANDARD = "gnu++0x";
				CLANG_CXX_LIBRARY = "libc++";
				CLANG_ENABLE_MODULES = YES;
				CLANG_ENABLE_OBJC_ARC = YES;
				CLANG_WARN_BOOL_CONVERSION = YES;
				CLANG_WARN_CONSTANT_CONVERSION = YES;
				CLANG_WARN_DIRECT_OBJC_ISA_USAGE = YES_ERROR;
				CLANG_WARN_EMPTY_BODY = YES;
				CLANG_WARN_ENUM_CONVERSION = YES;
				CLANG_WARN_INT_CONVERSION = YES;
				CLANG_WARN_OBJC_ROOT_CLASS = YES_ERROR;
				CLANG_WARN_UNREACHABLE_CODE = YES;
				CLANG_WARN__DUPLICATE_METHOD_MATCH = YES;
				"CODE_SIGN_IDENTITY[sdk=iphoneos*]" = "iPhone Developer";
				COPY_PHASE_STRIP = NO;
				DEBUG_INFORMATION_FORMAT = "dwarf-with-dsym";
				ENABLE_NS_ASSERTIONS = NO;
				ENABLE_STRICT_OBJC_MSGSEND = YES;
				GCC_C_LANGUAGE_STANDARD = gnu99;
				GCC_NO_COMMON_BLOCKS = YES;
				GCC_WARN_64_TO_32_BIT_CONVERSION = YES;
				GCC_WARN_ABOUT_RETURN_TYPE = YES_ERROR;
				GCC_WARN_UNDECLARED_SELECTOR = YES;
				GCC_WARN_UNINITIALIZED_AUTOS = YES_AGGRESSIVE;
				GCC_WARN_UNUSED_FUNCTION = YES;
				GCC_WARN_UNUSED_VARIABLE = YES;
				IPHONEOS_DEPLOYMENT_TARGET = 9.3;
				MTL_ENABLE_DEBUG_INFO = NO;
				SDKROOT = iphoneos;
				VALIDATE_PRODUCT = YES;
			};
			name = Release;
		};
		DD4EEF491D42E1BD003256D5 /* Debug */ = {
			isa = XCBuildConfiguration;
			buildSettings = {
				ASSETCATALOG_COMPILER_APPICON_NAME = AppIcon;
				INFOPLIST_FILE = XYZTextField/Info.plist;
				LD_RUNPATH_SEARCH_PATHS = "$(inherited) @executable_path/Frameworks";
				PRODUCT_BUNDLE_IDENTIFIER = xieyingze.com;
				PRODUCT_NAME = "$(TARGET_NAME)";
			};
			name = Debug;
		};
		DD4EEF4A1D42E1BD003256D5 /* Release */ = {
			isa = XCBuildConfiguration;
			buildSettings = {
				ASSETCATALOG_COMPILER_APPICON_NAME = AppIcon;
				INFOPLIST_FILE = XYZTextField/Info.plist;
				LD_RUNPATH_SEARCH_PATHS = "$(inherited) @executable_path/Frameworks";
				PRODUCT_BUNDLE_IDENTIFIER = xieyingze.com;
				PRODUCT_NAME = "$(TARGET_NAME)";
			};
			name = Release;
		};
		DD4EEF4C1D42E1BD003256D5 /* Debug */ = {
			isa = XCBuildConfiguration;
			buildSettings = {
				BUNDLE_LOADER = "$(TEST_HOST)";
				INFOPLIST_FILE = XYZTextFieldTests/Info.plist;
				LD_RUNPATH_SEARCH_PATHS = "$(inherited) @executable_path/Frameworks @loader_path/Frameworks";
				PRODUCT_BUNDLE_IDENTIFIER = xieyingze.demo.XYZTextFieldTests;
				PRODUCT_NAME = "$(TARGET_NAME)";
				TEST_HOST = "$(BUILT_PRODUCTS_DIR)/XYZTextField.app/XYZTextField";
			};
			name = Debug;
		};
		DD4EEF4D1D42E1BD003256D5 /* Release */ = {
			isa = XCBuildConfiguration;
			buildSettings = {
				BUNDLE_LOADER = "$(TEST_HOST)";
				INFOPLIST_FILE = XYZTextFieldTests/Info.plist;
				LD_RUNPATH_SEARCH_PATHS = "$(inherited) @executable_path/Frameworks @loader_path/Frameworks";
				PRODUCT_BUNDLE_IDENTIFIER = xieyingze.demo.XYZTextFieldTests;
				PRODUCT_NAME = "$(TARGET_NAME)";
				TEST_HOST = "$(BUILT_PRODUCTS_DIR)/XYZTextField.app/XYZTextField";
			};
			name = Release;
		};
		DD4EEF4F1D42E1BD003256D5 /* Debug */ = {
			isa = XCBuildConfiguration;
			buildSettings = {
				INFOPLIST_FILE = XYZTextFieldUITests/Info.plist;
				LD_RUNPATH_SEARCH_PATHS = "$(inherited) @executable_path/Frameworks @loader_path/Frameworks";
				PRODUCT_BUNDLE_IDENTIFIER = xieyingze.demo.XYZTextFieldUITests;
				PRODUCT_NAME = "$(TARGET_NAME)";
				TEST_TARGET_NAME = XYZTextField;
			};
			name = Debug;
		};
		DD4EEF501D42E1BD003256D5 /* Release */ = {
			isa = XCBuildConfiguration;
			buildSettings = {
				INFOPLIST_FILE = XYZTextFieldUITests/Info.plist;
				LD_RUNPATH_SEARCH_PATHS = "$(inherited) @executable_path/Frameworks @loader_path/Frameworks";
				PRODUCT_BUNDLE_IDENTIFIER = xieyingze.demo.XYZTextFieldUITests;
				PRODUCT_NAME = "$(TARGET_NAME)";
				TEST_TARGET_NAME = XYZTextField;
			};
			name = Release;
		};
/* End XCBuildConfiguration section */

/* Begin XCConfigurationList section */
		DD4EEF161D42E1BC003256D5 /* Build configuration list for PBXProject "XYZTextField" */ = {
			isa = XCConfigurationList;
			buildConfigurations = (
				DD4EEF461D42E1BD003256D5 /* Debug */,
				DD4EEF471D42E1BD003256D5 /* Release */,
			);
			defaultConfigurationIsVisible = 0;
			defaultConfigurationName = Release;
		};
		DD4EEF481D42E1BD003256D5 /* Build configuration list for PBXNativeTarget "XYZTextField" */ = {
			isa = XCConfigurationList;
			buildConfigurations = (
				DD4EEF491D42E1BD003256D5 /* Debug */,
				DD4EEF4A1D42E1BD003256D5 /* Release */,
			);
			defaultConfigurationIsVisible = 0;
			defaultConfigurationName = Release;
		};
		DD4EEF4B1D42E1BD003256D5 /* Build configuration list for PBXNativeTarget "XYZTextFieldTests" */ = {
			isa = XCConfigurationList;
			buildConfigurations = (
				DD4EEF4C1D42E1BD003256D5 /* Debug */,
				DD4EEF4D1D42E1BD003256D5 /* Release */,
			);
			defaultConfigurationIsVisible = 0;
			defaultConfigurationName = Release;
		};
		DD4EEF4E1D42E1BD003256D5 /* Build configuration list for PBXNativeTarget "XYZTextFieldUITests" */ = {
			isa = XCConfigurationList;
			buildConfigurations = (
				DD4EEF4F1D42E1BD003256D5 /* Debug */,
				DD4EEF501D42E1BD003256D5 /* Release */,
			);
			defaultConfigurationIsVisible = 0;
			defaultConfigurationName = Release;
		};
/* End XCConfigurationList section */
	};
	rootObject = DD4EEF131D42E1BC003256D5 /* Project object */;
}
